// !$*UTF8*$!
{
	archiveVersion = 1;
	classes = {
	};
	objectVersion = 55;
	objects = {

/* Begin PBXBuildFile section */
		5FFE23BA7A503DC0BFFC1BEB /* Pods_Marvel_Comics.framework in Frameworks */ = {isa = PBXBuildFile; fileRef = 7891B9736694D67EE82E9C5B /* Pods_Marvel_Comics.framework */; };
		6A65DD8D28E6352600772981 /* Extensions.swift in Sources */ = {isa = PBXBuildFile; fileRef = 6A65DD8C28E6352600772981 /* Extensions.swift */; };
		6A93421E28E51B140014C42C /* AppDelegate.swift in Sources */ = {isa = PBXBuildFile; fileRef = 6A93421D28E51B140014C42C /* AppDelegate.swift */; };
		6A93422028E51B140014C42C /* SceneDelegate.swift in Sources */ = {isa = PBXBuildFile; fileRef = 6A93421F28E51B140014C42C /* SceneDelegate.swift */; };
		6A93422228E51B140014C42C /* HeroesViewController.swift in Sources */ = {isa = PBXBuildFile; fileRef = 6A93422128E51B140014C42C /* HeroesViewController.swift */; };
		6A93422528E51B140014C42C /* Main.storyboard in Resources */ = {isa = PBXBuildFile; fileRef = 6A93422328E51B140014C42C /* Main.storyboard */; };
		6A93422728E51B160014C42C /* Assets.xcassets in Resources */ = {isa = PBXBuildFile; fileRef = 6A93422628E51B160014C42C /* Assets.xcassets */; };
		6A93422A28E51B160014C42C /* LaunchScreen.storyboard in Resources */ = {isa = PBXBuildFile; fileRef = 6A93422828E51B160014C42C /* LaunchScreen.storyboard */; };
		6A93423428E51B870014C42C /* HeroData.swift in Sources */ = {isa = PBXBuildFile; fileRef = 6A93423328E51B870014C42C /* HeroData.swift */; };
		6A93423728E51C3A0014C42C /* HeroViewModel.swift in Sources */ = {isa = PBXBuildFile; fileRef = 6A93423628E51C3A0014C42C /* HeroViewModel.swift */; };
		6ABB2A8D28EB2973005B96B7 /* HeroModel.swift in Sources */ = {isa = PBXBuildFile; fileRef = 6ABB2A8C28EB2973005B96B7 /* HeroModel.swift */; };
		6ABB2A9228EB63DF005B96B7 /* HeroeTableViewCell.swift in Sources */ = {isa = PBXBuildFile; fileRef = 6ABB2A9028EB63DF005B96B7 /* HeroeTableViewCell.swift */; };
		6ABB2A9328EB63DF005B96B7 /* HeroeTableViewCell.xib in Resources */ = {isa = PBXBuildFile; fileRef = 6ABB2A9128EB63DF005B96B7 /* HeroeTableViewCell.xib */; };
		6ABB2A9728EB8C7F005B96B7 /* DetallesViewController.swift in Sources */ = {isa = PBXBuildFile; fileRef = 6ABB2A9628EB8C7E005B96B7 /* DetallesViewController.swift */; };
/* End PBXBuildFile section */

/* Begin PBXFileReference section */
		086528C61ABD4F440BBBA1D6 /* Pods-Marvel-Comics.release.xcconfig */ = {isa = PBXFileReference; includeInIndex = 1; lastKnownFileType = text.xcconfig; name = "Pods-Marvel-Comics.release.xcconfig"; path = "Target Support Files/Pods-Marvel-Comics/Pods-Marvel-Comics.release.xcconfig"; sourceTree = "<group>"; };
		6A65DD8C28E6352600772981 /* Extensions.swift */ = {isa = PBXFileReference; lastKnownFileType = sourcecode.swift; path = Extensions.swift; sourceTree = "<group>"; };
		6A93421A28E51B140014C42C /* Marvel-Comics.app */ = {isa = PBXFileReference; explicitFileType = wrapper.application; includeInIndex = 0; path = "Marvel-Comics.app"; sourceTree = BUILT_PRODUCTS_DIR; };
		6A93421D28E51B140014C42C /* AppDelegate.swift */ = {isa = PBXFileReference; lastKnownFileType = sourcecode.swift; path = AppDelegate.swift; sourceTree = "<group>"; };
		6A93421F28E51B140014C42C /* SceneDelegate.swift */ = {isa = PBXFileReference; lastKnownFileType = sourcecode.swift; path = SceneDelegate.swift; sourceTree = "<group>"; };
		6A93422128E51B140014C42C /* HeroesViewController.swift */ = {isa = PBXFileReference; lastKnownFileType = sourcecode.swift; path = HeroesViewController.swift; sourceTree = "<group>"; };
		6A93422428E51B140014C42C /* Base */ = {isa = PBXFileReference; lastKnownFileType = file.storyboard; name = Base; path = Base.lproj/Main.storyboard; sourceTree = "<group>"; };
		6A93422628E51B160014C42C /* Assets.xcassets */ = {isa = PBXFileReference; lastKnownFileType = folder.assetcatalog; path = Assets.xcassets; sourceTree = "<group>"; };
		6A93422928E51B160014C42C /* Base */ = {isa = PBXFileReference; lastKnownFileType = file.storyboard; name = Base; path = Base.lproj/LaunchScreen.storyboard; sourceTree = "<group>"; };
		6A93422B28E51B160014C42C /* Info.plist */ = {isa = PBXFileReference; lastKnownFileType = text.plist.xml; path = Info.plist; sourceTree = "<group>"; };
		6A93423328E51B870014C42C /* HeroData.swift */ = {isa = PBXFileReference; lastKnownFileType = sourcecode.swift; path = HeroData.swift; sourceTree = "<group>"; };
		6A93423628E51C3A0014C42C /* HeroViewModel.swift */ = {isa = PBXFileReference; lastKnownFileType = sourcecode.swift; path = HeroViewModel.swift; sourceTree = "<group>"; };
		6ABB2A8C28EB2973005B96B7 /* HeroModel.swift */ = {isa = PBXFileReference; lastKnownFileType = sourcecode.swift; path = HeroModel.swift; sourceTree = "<group>"; };
		6ABB2A9028EB63DF005B96B7 /* HeroeTableViewCell.swift */ = {isa = PBXFileReference; lastKnownFileType = sourcecode.swift; path = HeroeTableViewCell.swift; sourceTree = "<group>"; };
		6ABB2A9128EB63DF005B96B7 /* HeroeTableViewCell.xib */ = {isa = PBXFileReference; lastKnownFileType = file.xib; path = HeroeTableViewCell.xib; sourceTree = "<group>"; };
		6ABB2A9628EB8C7E005B96B7 /* DetallesViewController.swift */ = {isa = PBXFileReference; lastKnownFileType = sourcecode.swift; path = DetallesViewController.swift; sourceTree = "<group>"; };
		7891B9736694D67EE82E9C5B /* Pods_Marvel_Comics.framework */ = {isa = PBXFileReference; explicitFileType = wrapper.framework; includeInIndex = 0; path = Pods_Marvel_Comics.framework; sourceTree = BUILT_PRODUCTS_DIR; };
		9F942D6615B86A112CD1316D /* Pods-Marvel-Comics.debug.xcconfig */ = {isa = PBXFileReference; includeInIndex = 1; lastKnownFileType = text.xcconfig; name = "Pods-Marvel-Comics.debug.xcconfig"; path = "Target Support Files/Pods-Marvel-Comics/Pods-Marvel-Comics.debug.xcconfig"; sourceTree = "<group>"; };
/* End PBXFileReference section */

/* Begin PBXFrameworksBuildPhase section */
		6A93421728E51B140014C42C /* Frameworks */ = {
			isa = PBXFrameworksBuildPhase;
			buildActionMask = 2147483647;
			files = (
				5FFE23BA7A503DC0BFFC1BEB /* Pods_Marvel_Comics.framework in Frameworks */,
			);
			runOnlyForDeploymentPostprocessing = 0;
		};
/* End PBXFrameworksBuildPhase section */

/* Begin PBXGroup section */
		6A93421128E51B140014C42C = {
			isa = PBXGroup;
			children = (
				6A93421C28E51B140014C42C /* Marvel-Comics */,
				6A93421B28E51B140014C42C /* Products */,
				CF0E3A2ED794F3139D6B80AF /* Pods */,
				7480D553CF41E1B43178F369 /* Frameworks */,
			);
			sourceTree = "<group>";
		};
		6A93421B28E51B140014C42C /* Products */ = {
			isa = PBXGroup;
			children = (
				6A93421A28E51B140014C42C /* Marvel-Comics.app */,
			);
			name = Products;
			sourceTree = "<group>";
		};
		6A93421C28E51B140014C42C /* Marvel-Comics */ = {
			isa = PBXGroup;
			children = (
				6A93423228E51B420014C42C /* Delegates */,
				6A93423828E51C580014C42C /* ViewModel */,
				6A93423528E51BA10014C42C /* Model */,
				6A93423128E51B340014C42C /* View */,
				6A93422628E51B160014C42C /* Assets.xcassets */,
				6A93422828E51B160014C42C /* LaunchScreen.storyboard */,
				6A93422B28E51B160014C42C /* Info.plist */,
			);
			path = "Marvel-Comics";
			sourceTree = "<group>";
		};
		6A93423128E51B340014C42C /* View */ = {
			isa = PBXGroup;
			children = (
				6A93422128E51B140014C42C /* HeroesViewController.swift */,
				6A93422328E51B140014C42C /* Main.storyboard */,
				6A65DD8C28E6352600772981 /* Extensions.swift */,
				6ABB2A9028EB63DF005B96B7 /* HeroeTableViewCell.swift */,
				6ABB2A9128EB63DF005B96B7 /* HeroeTableViewCell.xib */,
				6ABB2A9628EB8C7E005B96B7 /* DetallesViewController.swift */,
			);
			path = View;
			sourceTree = "<group>";
		};
		6A93423228E51B420014C42C /* Delegates */ = {
			isa = PBXGroup;
			children = (
				6A93421F28E51B140014C42C /* SceneDelegate.swift */,
				6A93421D28E51B140014C42C /* AppDelegate.swift */,
			);
			path = Delegates;
			sourceTree = "<group>";
		};
		6A93423528E51BA10014C42C /* Model */ = {
			isa = PBXGroup;
			children = (
				6A93423328E51B870014C42C /* HeroData.swift */,
				6ABB2A8C28EB2973005B96B7 /* HeroModel.swift */,
			);
			path = Model;
			sourceTree = "<group>";
		};
		6A93423828E51C580014C42C /* ViewModel */ = {
			isa = PBXGroup;
			children = (
				6A93423628E51C3A0014C42C /* HeroViewModel.swift */,
			);
			path = ViewModel;
			sourceTree = "<group>";
		};
		7480D553CF41E1B43178F369 /* Frameworks */ = {
			isa = PBXGroup;
			children = (
				7891B9736694D67EE82E9C5B /* Pods_Marvel_Comics.framework */,
			);
			name = Frameworks;
			sourceTree = "<group>";
		};
		CF0E3A2ED794F3139D6B80AF /* Pods */ = {
			isa = PBXGroup;
			children = (
				9F942D6615B86A112CD1316D /* Pods-Marvel-Comics.debug.xcconfig */,
				086528C61ABD4F440BBBA1D6 /* Pods-Marvel-Comics.release.xcconfig */,
			);
			path = Pods;
			sourceTree = "<group>";
		};
/* End PBXGroup section */

/* Begin PBXNativeTarget section */
		6A93421928E51B140014C42C /* Marvel-Comics */ = {
			isa = PBXNativeTarget;
			buildConfigurationList = 6A93422E28E51B160014C42C /* Build configuration list for PBXNativeTarget "Marvel-Comics" */;
			buildPhases = (
				CABEAB38771E676B0D41FD21 /* [CP] Check Pods Manifest.lock */,
				6A93421628E51B140014C42C /* Sources */,
				6A93421728E51B140014C42C /* Frameworks */,
				6A93421828E51B140014C42C /* Resources */,
				9CAD10E6DF90D825CD670073 /* [CP] Embed Pods Frameworks */,
			);
			buildRules = (
			);
			dependencies = (
			);
			name = "Marvel-Comics";
			productName = "Marvel-Comics";
			productReference = 6A93421A28E51B140014C42C /* Marvel-Comics.app */;
			productType = "com.apple.product-type.application";
		};
/* End PBXNativeTarget section */

/* Begin PBXProject section */
		6A93421228E51B140014C42C /* Project object */ = {
			isa = PBXProject;
			attributes = {
				BuildIndependentTargetsInParallel = 1;
				LastSwiftUpdateCheck = 1330;
				LastUpgradeCheck = 1330;
				TargetAttributes = {
					6A93421928E51B140014C42C = {
						CreatedOnToolsVersion = 13.3;
					};
				};
			};
			buildConfigurationList = 6A93421528E51B140014C42C /* Build configuration list for PBXProject "Marvel-Comics" */;
			compatibilityVersion = "Xcode 13.0";
			developmentRegion = en;
			hasScannedForEncodings = 0;
			knownRegions = (
				en,
				Base,
			);
			mainGroup = 6A93421128E51B140014C42C;
			productRefGroup = 6A93421B28E51B140014C42C /* Products */;
			projectDirPath = "";
			projectRoot = "";
			targets = (
				6A93421928E51B140014C42C /* Marvel-Comics */,
			);
		};
/* End PBXProject section */

/* Begin PBXResourcesBuildPhase section */
		6A93421828E51B140014C42C /* Resources */ = {
			isa = PBXResourcesBuildPhase;
			buildActionMask = 2147483647;
			files = (
				6A93422A28E51B160014C42C /* LaunchScreen.storyboard in Resources */,
				6ABB2A9328EB63DF005B96B7 /* HeroeTableViewCell.xib in Resources */,
				6A93422728E51B160014C42C /* Assets.xcassets in Resources */,
				6A93422528E51B140014C42C /* Main.storyboard in Resources */,
			);
			runOnlyForDeploymentPostprocessing = 0;
		};
/* End PBXResourcesBuildPhase section */

/* Begin PBXShellScriptBuildPhase section */
		9CAD10E6DF90D825CD670073 /* [CP] Embed Pods Frameworks */ = {
			isa = PBXShellScriptBuildPhase;
			buildActionMask = 2147483647;
			files = (
			);
			inputFileListPaths = (
				"${PODS_ROOT}/Target Support Files/Pods-Marvel-Comics/Pods-Marvel-Comics-frameworks-${CONFIGURATION}-input-files.xcfilelist",
			);
			name = "[CP] Embed Pods Frameworks";
			outputFileListPaths = (
				"${PODS_ROOT}/Target Support Files/Pods-Marvel-Comics/Pods-Marvel-Comics-frameworks-${CONFIGURATION}-output-files.xcfilelist",
			);
			runOnlyForDeploymentPostprocessing = 0;
			shellPath = /bin/sh;
			shellScript = "\"${PODS_ROOT}/Target Support Files/Pods-Marvel-Comics/Pods-Marvel-Comics-frameworks.sh\"\n";
			showEnvVarsInLog = 0;
		};
		CABEAB38771E676B0D41FD21 /* [CP] Check Pods Manifest.lock */ = {
			isa = PBXShellScriptBuildPhase;
			buildActionMask = 2147483647;
			files = (
			);
			inputFileListPaths = (
			);
			inputPaths = (
				"${PODS_PODFILE_DIR_PATH}/Podfile.lock",
				"${PODS_ROOT}/Manifest.lock",
			);
			name = "[CP] Check Pods Manifest.lock";
			outputFileListPaths = (
			);
			outputPaths = (
				"$(DERIVED_FILE_DIR)/Pods-Marvel-Comics-checkManifestLockResult.txt",
			);
			runOnlyForDeploymentPostprocessing = 0;
			shellPath = /bin/sh;
			shellScript = "diff \"${PODS_PODFILE_DIR_PATH}/Podfile.lock\" \"${PODS_ROOT}/Manifest.lock\" > /dev/null\nif [ $? != 0 ] ; then\n    # print error to STDERR\n    echo \"error: The sandbox is not in sync with the Podfile.lock. Run 'pod install' or update your CocoaPods installation.\" >&2\n    exit 1\nfi\n# This output is used by Xcode 'outputs' to avoid re-running this script phase.\necho \"SUCCESS\" > \"${SCRIPT_OUTPUT_FILE_0}\"\n";
			showEnvVarsInLog = 0;
		};
/* End PBXShellScriptBuildPhase section */

/* Begin PBXSourcesBuildPhase section */
		6A93421628E51B140014C42C /* Sources */ = {
			isa = PBXSourcesBuildPhase;
			buildActionMask = 2147483647;
			files = (
				6A93422228E51B140014C42C /* HeroesViewController.swift in Sources */,
				6ABB2A9228EB63DF005B96B7 /* HeroeTableViewCell.swift in Sources */,
				6ABB2A9728EB8C7F005B96B7 /* DetallesViewController.swift in Sources */,
				6A65DD8D28E6352600772981 /* Extensions.swift in Sources */,
				6A93421E28E51B140014C42C /* AppDelegate.swift in Sources */,
				6A93422028E51B140014C42C /* SceneDelegate.swift in Sources */,
				6ABB2A8D28EB2973005B96B7 /* HeroModel.swift in Sources */,
				6A93423428E51B870014C42C /* HeroData.swift in Sources */,
				6A93423728E51C3A0014C42C /* HeroViewModel.swift in Sources */,
			);
			runOnlyForDeploymentPostprocessing = 0;
		};
/* End PBXSourcesBuildPhase section */

/* Begin PBXVariantGroup section */
		6A93422328E51B140014C42C /* Main.storyboard */ = {
			isa = PBXVariantGroup;
			children = (
				6A93422428E51B140014C42C /* Base */,
			);
			name = Main.storyboard;
			sourceTree = "<group>";
		};
		6A93422828E51B160014C42C /* LaunchScreen.storyboard */ = {
			isa = PBXVariantGroup;
			children = (
				6A93422928E51B160014C42C /* Base */,
			);
			name = LaunchScreen.storyboard;
			sourceTree = "<group>";
		};
/* End PBXVariantGroup section */

/* Begin XCBuildConfiguration section */
		6A93422C28E51B160014C42C /* Debug */ = {
			isa = XCBuildConfiguration;
			buildSettings = {
				ALWAYS_SEARCH_USER_PATHS = NO;
				CLANG_ANALYZER_NONNULL = YES;
				CLANG_ANALYZER_NUMBER_OBJECT_CONVERSION = YES_AGGRESSIVE;
				CLANG_CXX_LANGUAGE_STANDARD = "gnu++17";
				CLANG_ENABLE_MODULES = YES;
				CLANG_ENABLE_OBJC_ARC = YES;
				CLANG_ENABLE_OBJC_WEAK = YES;
				CLANG_WARN_BLOCK_CAPTURE_AUTORELEASING = YES;
				CLANG_WARN_BOOL_CONVERSION = YES;
				CLANG_WARN_COMMA = YES;
				CLANG_WARN_CONSTANT_CONVERSION = YES;
				CLANG_WARN_DEPRECATED_OBJC_IMPLEMENTATIONS = YES;
				CLANG_WARN_DIRECT_OBJC_ISA_USAGE = YES_ERROR;
				CLANG_WARN_DOCUMENTATION_COMMENTS = YES;
				CLANG_WARN_EMPTY_BODY = YES;
				CLANG_WARN_ENUM_CONVERSION = YES;
				CLANG_WARN_INFINITE_RECURSION = YES;
				CLANG_WARN_INT_CONVERSION = YES;
				CLANG_WARN_NON_LITERAL_NULL_CONVERSION = YES;
				CLANG_WARN_OBJC_IMPLICIT_RETAIN_SELF = YES;
				CLANG_WARN_OBJC_LITERAL_CONVERSION = YES;
				CLANG_WARN_OBJC_ROOT_CLASS = YES_ERROR;
				CLANG_WARN_QUOTED_INCLUDE_IN_FRAMEWORK_HEADER = YES;
				CLANG_WARN_RANGE_LOOP_ANALYSIS = YES;
				CLANG_WARN_STRICT_PROTOTYPES = YES;
				CLANG_WARN_SUSPICIOUS_MOVE = YES;
				CLANG_WARN_UNGUARDED_AVAILABILITY = YES_AGGRESSIVE;
				CLANG_WARN_UNREACHABLE_CODE = YES;
				CLANG_WARN__DUPLICATE_METHOD_MATCH = YES;
				COPY_PHASE_STRIP = NO;
				DEBUG_INFORMATION_FORMAT = dwarf;
				ENABLE_STRICT_OBJC_MSGSEND = YES;
				ENABLE_TESTABILITY = YES;
				GCC_C_LANGUAGE_STANDARD = gnu11;
				GCC_DYNAMIC_NO_PIC = NO;
				GCC_NO_COMMON_BLOCKS = YES;
				GCC_OPTIMIZATION_LEVEL = 0;
				GCC_PREPROCESSOR_DEFINITIONS = (
					"DEBUG=1",
					"$(inherited)",
				);
				GCC_WARN_64_TO_32_BIT_CONVERSION = YES;
				GCC_WARN_ABOUT_RETURN_TYPE = YES_ERROR;
				GCC_WARN_UNDECLARED_SELECTOR = YES;
				GCC_WARN_UNINITIALIZED_AUTOS = YES_AGGRESSIVE;
				GCC_WARN_UNUSED_FUNCTION = YES;
				GCC_WARN_UNUSED_VARIABLE = YES;
				IPHONEOS_DEPLOYMENT_TARGET = 15.0;
				MTL_ENABLE_DEBUG_INFO = INCLUDE_SOURCE;
				MTL_FAST_MATH = YES;
				ONLY_ACTIVE_ARCH = YES;
				SDKROOT = iphoneos;
				SWIFT_ACTIVE_COMPILATION_CONDITIONS = DEBUG;
				SWIFT_OPTIMIZATION_LEVEL = "-Onone";
			};
			name = Debug;
		};
		6A93422D28E51B160014C42C /* Release */ = {
			isa = XCBuildConfiguration;
			buildSettings = {
				ALWAYS_SEARCH_USER_PATHS = NO;
				CLANG_ANALYZER_NONNULL = YES;
				CLANG_ANALYZER_NUMBER_OBJECT_CONVERSION = YES_AGGRESSIVE;
				CLANG_CXX_LANGUAGE_STANDARD = "gnu++17";
				CLANG_ENABLE_MODULES = YES;
				CLANG_ENABLE_OBJC_ARC = YES;
				CLANG_ENABLE_OBJC_WEAK = YES;
				CLANG_WARN_BLOCK_CAPTURE_AUTORELEASING = YES;
				CLANG_WARN_BOOL_CONVERSION = YES;
				CLANG_WARN_COMMA = YES;
				CLANG_WARN_CONSTANT_CONVERSION = YES;
				CLANG_WARN_DEPRECATED_OBJC_IMPLEMENTATIONS = YES;
				CLANG_WARN_DIRECT_OBJC_ISA_USAGE = YES_ERROR;
				CLANG_WARN_DOCUMENTATION_COMMENTS = YES;
				CLANG_WARN_EMPTY_BODY = YES;
				CLANG_WARN_ENUM_CONVERSION = YES;
				CLANG_WARN_INFINITE_RECURSION = YES;
				CLANG_WARN_INT_CONVERSION = YES;
				CLANG_WARN_NON_LITERAL_NULL_CONVERSION = YES;
				CLANG_WARN_OBJC_IMPLICIT_RETAIN_SELF = YES;
				CLANG_WARN_OBJC_LITERAL_CONVERSION = YES;
				CLANG_WARN_OBJC_ROOT_CLASS = YES_ERROR;
				CLANG_WARN_QUOTED_INCLUDE_IN_FRAMEWORK_HEADER = YES;
				CLANG_WARN_RANGE_LOOP_ANALYSIS = YES;
				CLANG_WARN_STRICT_PROTOTYPES = YES;
				CLANG_WARN_SUSPICIOUS_MOVE = YES;
				CLANG_WARN_UNGUARDED_AVAILABILITY = YES_AGGRESSIVE;
				CLANG_WARN_UNREACHABLE_CODE = YES;
				CLANG_WARN__DUPLICATE_METHOD_MATCH = YES;
				COPY_PHASE_STRIP = NO;
				DEBUG_INFORMATION_FORMAT = "dwarf-with-dsym";
				ENABLE_NS_ASSERTIONS = NO;
				ENABLE_STRICT_OBJC_MSGSEND = YES;
				GCC_C_LANGUAGE_STANDARD = gnu11;
				GCC_NO_COMMON_BLOCKS = YES;
				GCC_WARN_64_TO_32_BIT_CONVERSION = YES;
				GCC_WARN_ABOUT_RETURN_TYPE = YES_ERROR;
				GCC_WARN_UNDECLARED_SELECTOR = YES;
				GCC_WARN_UNINITIALIZED_AUTOS = YES_AGGRESSIVE;
				GCC_WARN_UNUSED_FUNCTION = YES;
				GCC_WARN_UNUSED_VARIABLE = YES;
				IPHONEOS_DEPLOYMENT_TARGET = 15.0;
				MTL_ENABLE_DEBUG_INFO = NO;
				MTL_FAST_MATH = YES;
				SDKROOT = iphoneos;
				SWIFT_COMPILATION_MODE = wholemodule;
				SWIFT_OPTIMIZATION_LEVEL = "-O";
				VALIDATE_PRODUCT = YES;
			};
			name = Release;
		};
		6A93422F28E51B160014C42C /* Debug */ = {
			isa = XCBuildConfiguration;
			baseConfigurationReference = 9F942D6615B86A112CD1316D /* Pods-Marvel-Comics.debug.xcconfig */;
			buildSettings = {
				ASSETCATALOG_COMPILER_APPICON_NAME = AppIcon;
				ASSETCATALOG_COMPILER_GLOBAL_ACCENT_COLOR_NAME = AccentColor;
				CODE_SIGN_STYLE = Automatic;
				CURRENT_PROJECT_VERSION = 1;
				DEVELOPMENT_TEAM = 7M2244JY3M;
				GENERATE_INFOPLIST_FILE = YES;
				INFOPLIST_FILE = "Marvel-Comics/Info.plist";
				INFOPLIST_KEY_UIApplicationSupportsIndirectInputEvents = YES;
				INFOPLIST_KEY_UILaunchStoryboardName = LaunchScreen;
				INFOPLIST_KEY_UIMainStoryboardFile = Main;
				INFOPLIST_KEY_UISupportedInterfaceOrientations_iPad = "UIInterfaceOrientationPortrait UIInterfaceOrientationPortraitUpsideDown UIInterfaceOrientationLandscapeLeft UIInterfaceOrientationLandscapeRight";
				INFOPLIST_KEY_UISupportedInterfaceOrientations_iPhone = "UIInterfaceOrientationPortrait UIInterfaceOrientationLandscapeLeft UIInterfaceOrientationLandscapeRight";
				LD_RUNPATH_SEARCH_PATHS = (
					"$(inherited)",
					"@executable_path/Frameworks",
				);
				MARKETING_VERSION = 1.0;
				PRODUCT_BUNDLE_IDENTIFIER = "com.orcabe.Marvel-Comics";
				PRODUCT_NAME = "$(TARGET_NAME)";
				SWIFT_EMIT_LOC_STRINGS = YES;
				SWIFT_VERSION = 5.0;
				TARGETED_DEVICE_FAMILY = "1,2";
			};
			name = Debug;
		};
		6A93423028E51B160014C42C /* Release */ = {
			isa = XCBuildConfiguration;
			baseConfigurationReference = 086528C61ABD4F440BBBA1D6 /* Pods-Marvel-Comics.release.xcconfig */;
			buildSettings = {
				ASSETCATALOG_COMPILER_APPICON_NAME = AppIcon;
				ASSETCATALOG_COMPILER_GLOBAL_ACCENT_COLOR_NAME = AccentColor;
				CODE_SIGN_STYLE = Automatic;
				CURRENT_PROJECT_VERSION = 1;
				DEVELOPMENT_TEAM = 7M2244JY3M;
				GENERATE_INFOPLIST_FILE = YES;
				INFOPLIST_FILE = "Marvel-Comics/Info.plist";
				INFOPLIST_KEY_UIApplicationSupportsIndirectInputEvents = YES;
				INFOPLIST_KEY_UILaunchStoryboardName = LaunchScreen;
				INFOPLIST_KEY_UIMainStoryboardFile = Main;
				INFOPLIST_KEY_UISupportedInterfaceOrientations_iPad = "UIInterfaceOrientationPortrait UIInterfaceOrientationPortraitUpsideDown UIInterfaceOrientationLandscapeLeft UIInterfaceOrientationLandscapeRight";
				INFOPLIST_KEY_UISupportedInterfaceOrientations_iPhone = "UIInterfaceOrientationPortrait UIInterfaceOrientationLandscapeLeft UIInterfaceOrientationLandscapeRight";
				LD_RUNPATH_SEARCH_PATHS = (
					"$(inherited)",
					"@executable_path/Frameworks",
				);
				MARKETING_VERSION = 1.0;
				PRODUCT_BUNDLE_IDENTIFIER = "com.orcabe.Marvel-Comics";
				PRODUCT_NAME = "$(TARGET_NAME)";
				SWIFT_EMIT_LOC_STRINGS = YES;
				SWIFT_VERSION = 5.0;
				TARGETED_DEVICE_FAMILY = "1,2";
			};
			name = Release;
		};
/* End XCBuildConfiguration section */

/* Begin XCConfigurationList section */
		6A93421528E51B140014C42C /* Build configuration list for PBXProject "Marvel-Comics" */ = {
			isa = XCConfigurationList;
			buildConfigurations = (
				6A93422C28E51B160014C42C /* Debug */,
				6A93422D28E51B160014C42C /* Release */,
			);
			defaultConfigurationIsVisible = 0;
			defaultConfigurationName = Release;
		};
		6A93422E28E51B160014C42C /* Build configuration list for PBXNativeTarget "Marvel-Comics" */ = {
			isa = XCConfigurationList;
			buildConfigurations = (
				6A93422F28E51B160014C42C /* Debug */,
				6A93423028E51B160014C42C /* Release */,
			);
			defaultConfigurationIsVisible = 0;
			defaultConfigurationName = Release;
		};
/* End XCConfigurationList section */
	};
	rootObject = 6A93421228E51B140014C42C /* Project object */;
}
